{
  "lockfile-version": 1,
  "manifest": {
    "schema-version": "1.11.0",
    "install": {
      "nodejs": {
        "pkg-path": "nodejs",
        "outputs": "all"
      }
    },
    "hook": {
      "on-activate": "  # Autogenerated by Flox\n\n  # Install nodejs dependencies\n  npm install\n\n  # End autogenerated by Flox\n"
    },
    "profile": {},
    "options": {}
  },
  "packages": [
    {
      "attr_path": "nodejs",
      "broken": false,
      "derivation": "/nix/store/0jp24w00c62cysdikz38xrnmxwzv0q4r-nodejs-24.13.0.drv",
      "description": "Event-driven I/O framework for the V8 JavaScript engine",
      "install_id": "nodejs",
      "license": "MIT",
      "locked_url": "https://github.com/flox/nixpkgs?rev=a82ccc39b39b621151d6732718e3e250109076fa",
      "name": "nodejs-24.13.0",
      "pname": "nodejs",
      "rev": "a82ccc39b39b621151d6732718e3e250109076fa",
      "rev_count": 945868,
      "rev_date": "2026-02-13T18:55:12Z",
      "scrape_date": "2026-02-15T04:39:26.589020Z",
      "stabilities": [
        "unstable"
      ],
      "unfree": false,
      "version": "24.13.0",
      "outputs_to_install": [
        "out",
        "out"
      ],
      "outputs": {
        "dev": "/nix/store/ywm49y8ncwny2nr0wvs6vmaxqjiqg523-nodejs-24.13.0-dev",
        "libv8": "/nix/store/67xyvmmgkisc7mr16wbpyjq2fqyz44af-nodejs-24.13.0-libv8",
        "out": "/nix/store/szvl8aalaplzshakdpyq8l5yq8q1bw66-nodejs-24.13.0"
      },
      "system": "aarch64-darwin",
      "group": "toplevel",
      "priority": 5
    },
    {
      "attr_path": "nodejs",
      "broken": false,
      "derivation": "/nix/store/l64r4vxgdpi0jxp27mvr9sj2c2mq2cys-nodejs-24.13.0.drv",
      "description": "Event-driven I/O framework for the V8 JavaScript engine",
      "install_id": "nodejs",
      "license": "MIT",
      "locked_url": "https://github.com/flox/nixpkgs?rev=a82ccc39b39b621151d6732718e3e250109076fa",
      "name": "nodejs-24.13.0",
      "pname": "nodejs",
      "rev": "a82ccc39b39b621151d6732718e3e250109076fa",
      "rev_count": 945868,
      "rev_date": "2026-02-13T18:55:12Z",
      "scrape_date": "2026-02-15T05:12:15.430462Z",
      "stabilities": [
        "unstable"
      ],
      "unfree": false,
      "version": "24.13.0",
      "outputs_to_install": [
        "out"
      ],
      "outputs": {
        "dev": "/nix/store/qk4n3r5bvqzvpaq1qbpwwf47zg51wrhq-nodejs-24.13.0-dev",
        "libv8": "/nix/store/rh9dg0mdq0hnp4cbdy4zdbmy6hnhxcfh-nodejs-24.13.0-libv8",
        "out": "/nix/store/rpyb0275h916mxx8a0cm7yavm4qbr4j9-nodejs-24.13.0"
      },
      "system": "aarch64-linux",
      "group": "toplevel",
      "priority": 5
    },
    {
      "attr_path": "nodejs",
      "broken": false,
      "derivation": "/nix/store/xgryfaiwfymf8ndij80ssly7q2kdq8y1-nodejs-24.13.0.drv",
      "description": "Event-driven I/O framework for the V8 JavaScript engine",
      "install_id": "nodejs",
      "license": "MIT",
      "locked_url": "https://github.com/flox/nixpkgs?rev=a82ccc39b39b621151d6732718e3e250109076fa",
      "name": "nodejs-24.13.0",
      "pname": "nodejs",
      "rev": "a82ccc39b39b621151d6732718e3e250109076fa",
      "rev_count": 945868,
      "rev_date": "2026-02-13T18:55:12Z",
      "scrape_date": "2026-02-15T05:46:09.817265Z",
      "stabilities": [
        "unstable"
      ],
      "unfree": false,
      "version": "24.13.0",
      "outputs_to_install": [
        "out"
      ],
      "outputs": {
        "dev": "/nix/store/rp55bch0hqxynmxnh7q5bs586kp0dib6-nodejs-24.13.0-dev",
        "libv8": "/nix/store/dvl504xzwklpfjngdnn6kcpriklwsf6l-nodejs-24.13.0-libv8",
        "out": "/nix/store/xhp1pnnq7hski7hwg36vw7kpxmg56khh-nodejs-24.13.0"
      },
      "system": "x86_64-darwin",
      "group": "toplevel",
      "priority": 5
    },
    {
      "attr_path": "nodejs",
      "broken": false,
      "derivation": "/nix/store/qk40027pvikybl0lvr1wmia9n8ljf99c-nodejs-24.13.0.drv",
      "description": "Event-driven I/O framework for the V8 JavaScript engine",
      "install_id": "nodejs",
      "license": "MIT",
      "locked_url": "https://github.com/flox/nixpkgs?rev=a82ccc39b39b621151d6732718e3e250109076fa",
      "name": "nodejs-24.13.0",
      "pname": "nodejs",
      "rev": "a82ccc39b39b621151d6732718e3e250109076fa",
      "rev_count": 945868,
      "rev_date": "2026-02-13T18:55:12Z",
      "scrape_date": "2026-02-15T06:21:48.475294Z",
      "stabilities": [
        "unstable"
      ],
      "unfree": false,
      "version": "24.13.0",
      "outputs_to_install": [
        "out"
      ],
      "outputs": {
        "dev": "/nix/store/hc7fav9y6ai53nqbbpjxprwnkakl1w2d-nodejs-24.13.0-dev",
        "libv8": "/nix/store/z7m56hl4rzdrfhnnkwig0ibzs1qz1x5d-nodejs-24.13.0-libv8",
        "out": "/nix/store/9cyx2v23dip6p9q98384k9v06c96qskb-nodejs-24.13.0"
      },
      "system": "x86_64-linux",
      "group": "toplevel",
      "priority": 5
    }
  ]
}
